
Microsoft Visual Studio Solution File, Format Version 12.00
# Visual Studio Version 17
VisualStudioVersion = 17.6.33815.320
MinimumVisualStudioVersion = 10.0.40219.1
Project("{FAE04EC0-301F-11D3-BF4B-00C04F79EFBC}") = "I5_6TTIUAA14_LoukaConstant", "I5_6TTIUAA14_LoukaConstant.csproj", "{6B3102F6-FDF2-4931-9111-B2BFB2E7361E}"
EndProject
Global
	GlobalSection(SolutionConfigurationPlatforms) = preSolution
		Debug|Any CPU = Debug|Any CPU
		Release|Any CPU = Release|Any CPU
	EndGlobalSection
	GlobalSection(ProjectConfigurationPlatforms) = postSolution
		{6B3102F6-FDF2-4931-9111-B2BFB2E7361E}.Debug|Any CPU.ActiveCfg = Debug|Any CPU
		{6B3102F6-FDF2-4931-9111-B2BFB2E7361E}.Debug|Any CPU.Build.0 = Debug|Any CPU
		{6B3102F6-FDF2-4931-9111-B2BFB2E7361E}.Release|Any CPU.ActiveCfg = Release|Any CPU
		{6B3102F6-FDF2-4931-9111-B2BFB2E7361E}.Release|Any CPU.Build.0 = Release|Any CPU
	EndGlobalSection
	GlobalSection(SolutionProperties) = preSolution
		HideSolutionNode = FALSE
	EndGlobalSection
	GlobalSection(ExtensibilityGlobals) = postSolution
		SolutionGuid = {7CDA75F4-CBE8-4E43-8932-E59FE3E22F81}
	EndGlobalSection
EndGlobal
